
Microsoft Visual Studio Solution File, Format Version 12.00
Project("{F2A71F9B-5D33-465A-A702-920D77279786}") = "Bees", "Bees\Bees.fsproj", "{81B96633-00B1-4704-BA06-F0CEC45DC69A}"
EndProject
Project("{F2A71F9B-5D33-465A-A702-920D77279786}") = "ConsoleReadAsync", "ConsoleReadAsync\ConsoleReadAsync.fsproj", "{4E46BC7A-8D77-4667-B238-E75E465D110F}"
EndProject
Project("{F2A71F9B-5D33-465A-A702-920D77279786}") = "BeesUtil", "BeesUtil\BeesUtil.fsproj", "{2DC0CED7-1CCC-4680-A958-38BEC889BCB7}"
EndProject
Project("{F2A71F9B-5D33-465A-A702-920D77279786}") = "TestItemPool", "TestItemPool\TestItemPool.fsproj", "{87CF251D-482B-4AEE-8F95-472A52468DBE}"
EndProject
Project("{F2A71F9B-5D33-465A-A702-920D77279786}") = "TestWorkList", "TestWorkList\TestWorkList.fsproj", "{025A7A07-35F8-4B12-8F4A-9B60D3E0762D}"
EndProject
Project("{F2A71F9B-5D33-465A-A702-920D77279786}") = "BeesLib", "BeesLib\BeesLib.fsproj", "{A198276E-177B-4298-9FC8-2D3CEC689FF7}"
EndProject
Project("{FAE04EC0-301F-11D3-BF4B-00C04F79EFBC}") = "PortAudioSharp", "..\..\..\..\PortAudioSharp2\PortAudioSharp\PortAudioSharp.csproj", "{555BF3F0-7CC7-4FE3-AA4E-63D0892D3F03}"
EndProject
Project("{F2A71F9B-5D33-465A-A702-920D77279786}") = "ScratchApp", "ScratchApp\ScratchApp.fsproj", "{37589819-87D9-4F98-8D7F-ABEF4BC281CB}"
EndProject
Project("{F2A71F9B-5D33-465A-A702-920D77279786}") = "TestGcBugOld", "TestGcBugOld\TestGcBugOld.fsproj", "{9DA57BB9-F4A4-41B2-8D3F-6ADD7B571341}"
EndProject
Project("{F2A71F9B-5D33-465A-A702-920D77279786}") = "GcKillsPortAudioSharp", "GcKillsPortAudioSharp\GcKillsPortAudioSharp.fsproj", "{97108125-0A99-4907-847E-2E901BC97055}"
EndProject
Project("{F2A71F9B-5D33-465A-A702-920D77279786}") = "SimulatedCallback", "SimulatedCallback\SimulatedCallback.fsproj", "{A3993C20-1F42-4484-A5D0-5E5EF143F0B4}"
EndProject
Project("{F2A71F9B-5D33-465A-A702-920D77279786}") = "TestGcBug", "TestGcBug\TestGcBug.fsproj", "{1A5F6AE4-56E8-477F-BD99-14F7E8E5E05F}"
EndProject
Project("{F2A71F9B-5D33-465A-A702-920D77279786}") = "TestGcBug2", "TestGcBug2\TestGcBug2.fsproj", "{E29E9357-5A91-4AE9-B171-3B00833FCEE1}"
EndProject
Project("{F2A71F9B-5D33-465A-A702-920D77279786}") = "TestCbState", "TestCbState\TestCbState.fsproj", "{C43B6DE5-D0EA-4166-A152-F43CC9BBD85F}"
EndProject
Project("{F2A71F9B-5D33-465A-A702-920D77279786}") = "CallbackCrash", "CallbackCrash\CallbackCrash.fsproj", "{E60BE35B-7EFA-443E-AD60-23F3C1AF0B20}"
EndProject
Project("{F2A71F9B-5D33-465A-A702-920D77279786}") = "CallbackCrash2", "CallbackCrash2\CallbackCrash2.fsproj", "{5F45072F-64C3-4950-ADFE-105C7BEAD329}"
EndProject
Global
	GlobalSection(SolutionConfigurationPlatforms) = preSolution
		Debug|Any CPU = Debug|Any CPU
		Release|Any CPU = Release|Any CPU
	EndGlobalSection
	GlobalSection(ProjectConfigurationPlatforms) = postSolution
		{81B96633-00B1-4704-BA06-F0CEC45DC69A}.Debug|Any CPU.ActiveCfg = Debug|Any CPU
		{81B96633-00B1-4704-BA06-F0CEC45DC69A}.Debug|Any CPU.Build.0 = Debug|Any CPU
		{81B96633-00B1-4704-BA06-F0CEC45DC69A}.Release|Any CPU.ActiveCfg = Release|Any CPU
		{81B96633-00B1-4704-BA06-F0CEC45DC69A}.Release|Any CPU.Build.0 = Release|Any CPU
		{4E46BC7A-8D77-4667-B238-E75E465D110F}.Debug|Any CPU.ActiveCfg = Debug|Any CPU
		{4E46BC7A-8D77-4667-B238-E75E465D110F}.Debug|Any CPU.Build.0 = Debug|Any CPU
		{4E46BC7A-8D77-4667-B238-E75E465D110F}.Release|Any CPU.ActiveCfg = Release|Any CPU
		{4E46BC7A-8D77-4667-B238-E75E465D110F}.Release|Any CPU.Build.0 = Release|Any CPU
		{2DC0CED7-1CCC-4680-A958-38BEC889BCB7}.Debug|Any CPU.ActiveCfg = Debug|Any CPU
		{2DC0CED7-1CCC-4680-A958-38BEC889BCB7}.Debug|Any CPU.Build.0 = Debug|Any CPU
		{2DC0CED7-1CCC-4680-A958-38BEC889BCB7}.Release|Any CPU.ActiveCfg = Release|Any CPU
		{2DC0CED7-1CCC-4680-A958-38BEC889BCB7}.Release|Any CPU.Build.0 = Release|Any CPU
		{87CF251D-482B-4AEE-8F95-472A52468DBE}.Debug|Any CPU.ActiveCfg = Debug|Any CPU
		{87CF251D-482B-4AEE-8F95-472A52468DBE}.Debug|Any CPU.Build.0 = Debug|Any CPU
		{87CF251D-482B-4AEE-8F95-472A52468DBE}.Release|Any CPU.ActiveCfg = Release|Any CPU
		{87CF251D-482B-4AEE-8F95-472A52468DBE}.Release|Any CPU.Build.0 = Release|Any CPU
		{025A7A07-35F8-4B12-8F4A-9B60D3E0762D}.Debug|Any CPU.ActiveCfg = Debug|Any CPU
		{025A7A07-35F8-4B12-8F4A-9B60D3E0762D}.Debug|Any CPU.Build.0 = Debug|Any CPU
		{025A7A07-35F8-4B12-8F4A-9B60D3E0762D}.Release|Any CPU.ActiveCfg = Release|Any CPU
		{025A7A07-35F8-4B12-8F4A-9B60D3E0762D}.Release|Any CPU.Build.0 = Release|Any CPU
		{A198276E-177B-4298-9FC8-2D3CEC689FF7}.Debug|Any CPU.ActiveCfg = Debug|Any CPU
		{A198276E-177B-4298-9FC8-2D3CEC689FF7}.Debug|Any CPU.Build.0 = Debug|Any CPU
		{A198276E-177B-4298-9FC8-2D3CEC689FF7}.Release|Any CPU.ActiveCfg = Release|Any CPU
		{A198276E-177B-4298-9FC8-2D3CEC689FF7}.Release|Any CPU.Build.0 = Release|Any CPU
		{555BF3F0-7CC7-4FE3-AA4E-63D0892D3F03}.Debug|Any CPU.ActiveCfg = Debug|Any CPU
		{555BF3F0-7CC7-4FE3-AA4E-63D0892D3F03}.Debug|Any CPU.Build.0 = Debug|Any CPU
		{555BF3F0-7CC7-4FE3-AA4E-63D0892D3F03}.Release|Any CPU.ActiveCfg = Release|Any CPU
		{555BF3F0-7CC7-4FE3-AA4E-63D0892D3F03}.Release|Any CPU.Build.0 = Release|Any CPU
		{37589819-87D9-4F98-8D7F-ABEF4BC281CB}.Debug|Any CPU.ActiveCfg = Debug|Any CPU
		{37589819-87D9-4F98-8D7F-ABEF4BC281CB}.Debug|Any CPU.Build.0 = Debug|Any CPU
		{37589819-87D9-4F98-8D7F-ABEF4BC281CB}.Release|Any CPU.ActiveCfg = Release|Any CPU
		{37589819-87D9-4F98-8D7F-ABEF4BC281CB}.Release|Any CPU.Build.0 = Release|Any CPU
		{9DA57BB9-F4A4-41B2-8D3F-6ADD7B571341}.Debug|Any CPU.ActiveCfg = Debug|Any CPU
		{9DA57BB9-F4A4-41B2-8D3F-6ADD7B571341}.Debug|Any CPU.Build.0 = Debug|Any CPU
		{9DA57BB9-F4A4-41B2-8D3F-6ADD7B571341}.Release|Any CPU.ActiveCfg = Release|Any CPU
		{9DA57BB9-F4A4-41B2-8D3F-6ADD7B571341}.Release|Any CPU.Build.0 = Release|Any CPU
		{97108125-0A99-4907-847E-2E901BC97055}.Debug|Any CPU.ActiveCfg = Debug|Any CPU
		{97108125-0A99-4907-847E-2E901BC97055}.Debug|Any CPU.Build.0 = Debug|Any CPU
		{97108125-0A99-4907-847E-2E901BC97055}.Release|Any CPU.ActiveCfg = Release|Any CPU
		{97108125-0A99-4907-847E-2E901BC97055}.Release|Any CPU.Build.0 = Release|Any CPU
		{A3993C20-1F42-4484-A5D0-5E5EF143F0B4}.Debug|Any CPU.ActiveCfg = Debug|Any CPU
		{A3993C20-1F42-4484-A5D0-5E5EF143F0B4}.Debug|Any CPU.Build.0 = Debug|Any CPU
		{A3993C20-1F42-4484-A5D0-5E5EF143F0B4}.Release|Any CPU.ActiveCfg = Release|Any CPU
		{A3993C20-1F42-4484-A5D0-5E5EF143F0B4}.Release|Any CPU.Build.0 = Release|Any CPU
		{1A5F6AE4-56E8-477F-BD99-14F7E8E5E05F}.Debug|Any CPU.ActiveCfg = Debug|Any CPU
		{1A5F6AE4-56E8-477F-BD99-14F7E8E5E05F}.Debug|Any CPU.Build.0 = Debug|Any CPU
		{1A5F6AE4-56E8-477F-BD99-14F7E8E5E05F}.Release|Any CPU.ActiveCfg = Release|Any CPU
		{1A5F6AE4-56E8-477F-BD99-14F7E8E5E05F}.Release|Any CPU.Build.0 = Release|Any CPU
		{E29E9357-5A91-4AE9-B171-3B00833FCEE1}.Debug|Any CPU.ActiveCfg = Debug|Any CPU
		{E29E9357-5A91-4AE9-B171-3B00833FCEE1}.Debug|Any CPU.Build.0 = Debug|Any CPU
		{E29E9357-5A91-4AE9-B171-3B00833FCEE1}.Release|Any CPU.ActiveCfg = Release|Any CPU
		{E29E9357-5A91-4AE9-B171-3B00833FCEE1}.Release|Any CPU.Build.0 = Release|Any CPU
		{C43B6DE5-D0EA-4166-A152-F43CC9BBD85F}.Debug|Any CPU.ActiveCfg = Debug|Any CPU
		{C43B6DE5-D0EA-4166-A152-F43CC9BBD85F}.Debug|Any CPU.Build.0 = Debug|Any CPU
		{C43B6DE5-D0EA-4166-A152-F43CC9BBD85F}.Release|Any CPU.ActiveCfg = Release|Any CPU
		{C43B6DE5-D0EA-4166-A152-F43CC9BBD85F}.Release|Any CPU.Build.0 = Release|Any CPU
		{E60BE35B-7EFA-443E-AD60-23F3C1AF0B20}.Debug|Any CPU.ActiveCfg = Debug|Any CPU
		{E60BE35B-7EFA-443E-AD60-23F3C1AF0B20}.Debug|Any CPU.Build.0 = Debug|Any CPU
		{E60BE35B-7EFA-443E-AD60-23F3C1AF0B20}.Release|Any CPU.ActiveCfg = Release|Any CPU
		{E60BE35B-7EFA-443E-AD60-23F3C1AF0B20}.Release|Any CPU.Build.0 = Release|Any CPU
		{5F45072F-64C3-4950-ADFE-105C7BEAD329}.Debug|Any CPU.ActiveCfg = Debug|Any CPU
		{5F45072F-64C3-4950-ADFE-105C7BEAD329}.Debug|Any CPU.Build.0 = Debug|Any CPU
		{5F45072F-64C3-4950-ADFE-105C7BEAD329}.Release|Any CPU.ActiveCfg = Release|Any CPU
		{5F45072F-64C3-4950-ADFE-105C7BEAD329}.Release|Any CPU.Build.0 = Release|Any CPU
	EndGlobalSection
EndGlobal
