
Microsoft Visual Studio Solution File, Format Version 12.00
Project("{F2A71F9B-5D33-465A-A702-920D77279786}") = "Bees", "Bees\Bees.fsproj", "{81B96633-00B1-4704-BA06-F0CEC45DC69A}"
EndProject
Project("{F2A71F9B-5D33-465A-A702-920D77279786}") = "ConsoleReadAsync", "ConsoleReadAsync\ConsoleReadAsync.fsproj", "{4E46BC7A-8D77-4667-B238-E75E465D110F}"
EndProject
Project("{F2A71F9B-5D33-465A-A702-920D77279786}") = "BeesUtil", "BeesUtil\BeesUtil.fsproj", "{2DC0CED7-1CCC-4680-A958-38BEC889BCB7}"
EndProject
Project("{F2A71F9B-5D33-465A-A702-920D77279786}") = "TestSubscriberList", "TestSubscriberList\TestSubscriberList.fsproj", "{025A7A07-35F8-4B12-8F4A-9B60D3E0762D}"
EndProject
Project("{F2A71F9B-5D33-465A-A702-920D77279786}") = "BeesLib", "BeesLib\BeesLib.fsproj", "{A198276E-177B-4298-9FC8-2D3CEC689FF7}"
EndProject
Project("{FAE04EC0-301F-11D3-BF4B-00C04F79EFBC}") = "PortAudioSharp", "..\..\..\..\PortAudioSharp2\PortAudioSharp\PortAudioSharp.csproj", "{555BF3F0-7CC7-4FE3-AA4E-63D0892D3F03}"
EndProject
Project("{F2A71F9B-5D33-465A-A702-920D77279786}") = "TestSimulatedCallback", "TestSimulatedCallback\TestSimulatedCallback.fsproj", "{A3993C20-1F42-4484-A5D0-5E5EF143F0B4}"
EndProject
Project("{FAE04EC0-301F-11D3-BF4B-00C04F79EFBC}") = "CsharpHelpers", "CsharpHelpers\CsharpHelpers.csproj", "{2C9B817F-A2E3-4AF8-850F-3403BEFF95A5}"
EndProject
Project("{FAE04EC0-301F-11D3-BF4B-00C04F79EFBC}") = "DateTimeFakes", "DateTimeFakes\DateTimeFakes.csproj", "{46AF4950-D38A-43EF-A625-CDE7D863B2B8}"
EndProject
Project("{F2A71F9B-5D33-465A-A702-920D77279786}") = "TestSynchronizer", "TestSynchronizer\TestSynchronizer.fsproj", "{71714F8A-F443-4976-A5E6-C2AB1D08DDB4}"
EndProject
Project("{F2A71F9B-5D33-465A-A702-920D77279786}") = "TestMp3Save", "TestMp3Save\TestMp3Save.fsproj", "{5F6CE8AD-0E86-4515-A276-16542D957FD7}"
EndProject
Project("{F2A71F9B-5D33-465A-A702-920D77279786}") = "TestDateTimeRounding", "TestDateTimeRounding\TestDateTimeRounding.fsproj", "{41D20A5B-9D28-41A4-A846-D1462B8EFCA4}"
EndProject
Global
	GlobalSection(SolutionConfigurationPlatforms) = preSolution
		Debug|Any CPU = Debug|Any CPU
		Release|Any CPU = Release|Any CPU
	EndGlobalSection
	GlobalSection(ProjectConfigurationPlatforms) = postSolution
		{81B96633-00B1-4704-BA06-F0CEC45DC69A}.Debug|Any CPU.ActiveCfg = Debug|Any CPU
		{81B96633-00B1-4704-BA06-F0CEC45DC69A}.Debug|Any CPU.Build.0 = Debug|Any CPU
		{81B96633-00B1-4704-BA06-F0CEC45DC69A}.Release|Any CPU.ActiveCfg = Release|Any CPU
		{81B96633-00B1-4704-BA06-F0CEC45DC69A}.Release|Any CPU.Build.0 = Release|Any CPU
		{4E46BC7A-8D77-4667-B238-E75E465D110F}.Debug|Any CPU.ActiveCfg = Debug|Any CPU
		{4E46BC7A-8D77-4667-B238-E75E465D110F}.Debug|Any CPU.Build.0 = Debug|Any CPU
		{4E46BC7A-8D77-4667-B238-E75E465D110F}.Release|Any CPU.ActiveCfg = Release|Any CPU
		{4E46BC7A-8D77-4667-B238-E75E465D110F}.Release|Any CPU.Build.0 = Release|Any CPU
		{2DC0CED7-1CCC-4680-A958-38BEC889BCB7}.Debug|Any CPU.ActiveCfg = Debug|Any CPU
		{2DC0CED7-1CCC-4680-A958-38BEC889BCB7}.Debug|Any CPU.Build.0 = Debug|Any CPU
		{2DC0CED7-1CCC-4680-A958-38BEC889BCB7}.Release|Any CPU.ActiveCfg = Release|Any CPU
		{2DC0CED7-1CCC-4680-A958-38BEC889BCB7}.Release|Any CPU.Build.0 = Release|Any CPU
		{025A7A07-35F8-4B12-8F4A-9B60D3E0762D}.Debug|Any CPU.ActiveCfg = Debug|Any CPU
		{025A7A07-35F8-4B12-8F4A-9B60D3E0762D}.Debug|Any CPU.Build.0 = Debug|Any CPU
		{025A7A07-35F8-4B12-8F4A-9B60D3E0762D}.Release|Any CPU.ActiveCfg = Release|Any CPU
		{025A7A07-35F8-4B12-8F4A-9B60D3E0762D}.Release|Any CPU.Build.0 = Release|Any CPU
		{A198276E-177B-4298-9FC8-2D3CEC689FF7}.Debug|Any CPU.ActiveCfg = Debug|Any CPU
		{A198276E-177B-4298-9FC8-2D3CEC689FF7}.Debug|Any CPU.Build.0 = Debug|Any CPU
		{A198276E-177B-4298-9FC8-2D3CEC689FF7}.Release|Any CPU.ActiveCfg = Release|Any CPU
		{A198276E-177B-4298-9FC8-2D3CEC689FF7}.Release|Any CPU.Build.0 = Release|Any CPU
		{555BF3F0-7CC7-4FE3-AA4E-63D0892D3F03}.Debug|Any CPU.ActiveCfg = Debug|Any CPU
		{555BF3F0-7CC7-4FE3-AA4E-63D0892D3F03}.Debug|Any CPU.Build.0 = Debug|Any CPU
		{555BF3F0-7CC7-4FE3-AA4E-63D0892D3F03}.Release|Any CPU.ActiveCfg = Release|Any CPU
		{555BF3F0-7CC7-4FE3-AA4E-63D0892D3F03}.Release|Any CPU.Build.0 = Release|Any CPU
		{A3993C20-1F42-4484-A5D0-5E5EF143F0B4}.Debug|Any CPU.ActiveCfg = Debug|Any CPU
		{A3993C20-1F42-4484-A5D0-5E5EF143F0B4}.Debug|Any CPU.Build.0 = Debug|Any CPU
		{A3993C20-1F42-4484-A5D0-5E5EF143F0B4}.Release|Any CPU.ActiveCfg = Release|Any CPU
		{A3993C20-1F42-4484-A5D0-5E5EF143F0B4}.Release|Any CPU.Build.0 = Release|Any CPU
		{2C9B817F-A2E3-4AF8-850F-3403BEFF95A5}.Debug|Any CPU.ActiveCfg = Debug|Any CPU
		{2C9B817F-A2E3-4AF8-850F-3403BEFF95A5}.Debug|Any CPU.Build.0 = Debug|Any CPU
		{2C9B817F-A2E3-4AF8-850F-3403BEFF95A5}.Release|Any CPU.ActiveCfg = Release|Any CPU
		{2C9B817F-A2E3-4AF8-850F-3403BEFF95A5}.Release|Any CPU.Build.0 = Release|Any CPU
		{46AF4950-D38A-43EF-A625-CDE7D863B2B8}.Debug|Any CPU.ActiveCfg = Debug|Any CPU
		{46AF4950-D38A-43EF-A625-CDE7D863B2B8}.Debug|Any CPU.Build.0 = Debug|Any CPU
		{46AF4950-D38A-43EF-A625-CDE7D863B2B8}.Release|Any CPU.ActiveCfg = Release|Any CPU
		{46AF4950-D38A-43EF-A625-CDE7D863B2B8}.Release|Any CPU.Build.0 = Release|Any CPU
		{71714F8A-F443-4976-A5E6-C2AB1D08DDB4}.Debug|Any CPU.ActiveCfg = Debug|Any CPU
		{71714F8A-F443-4976-A5E6-C2AB1D08DDB4}.Debug|Any CPU.Build.0 = Debug|Any CPU
		{71714F8A-F443-4976-A5E6-C2AB1D08DDB4}.Release|Any CPU.ActiveCfg = Release|Any CPU
		{71714F8A-F443-4976-A5E6-C2AB1D08DDB4}.Release|Any CPU.Build.0 = Release|Any CPU
		{5F6CE8AD-0E86-4515-A276-16542D957FD7}.Debug|Any CPU.ActiveCfg = Debug|Any CPU
		{5F6CE8AD-0E86-4515-A276-16542D957FD7}.Debug|Any CPU.Build.0 = Debug|Any CPU
		{5F6CE8AD-0E86-4515-A276-16542D957FD7}.Release|Any CPU.ActiveCfg = Release|Any CPU
		{5F6CE8AD-0E86-4515-A276-16542D957FD7}.Release|Any CPU.Build.0 = Release|Any CPU
		{41D20A5B-9D28-41A4-A846-D1462B8EFCA4}.Debug|Any CPU.ActiveCfg = Debug|Any CPU
		{41D20A5B-9D28-41A4-A846-D1462B8EFCA4}.Debug|Any CPU.Build.0 = Debug|Any CPU
		{41D20A5B-9D28-41A4-A846-D1462B8EFCA4}.Release|Any CPU.ActiveCfg = Release|Any CPU
		{41D20A5B-9D28-41A4-A846-D1462B8EFCA4}.Release|Any CPU.Build.0 = Release|Any CPU
	EndGlobalSection
EndGlobal
